// !$*UTF8*$!
{
	archiveVersion = 1;
	classes = {
	};
	objectVersion = 55;
	objects = {

/* Begin PBXBuildFile section */
		A9525F0627B764ED0035ED29 /* QuranMulti_iOSApp.swift in Sources */ = {isa = PBXBuildFile; fileRef = A9525F0527B764ED0035ED29 /* QuranMulti_iOSApp.swift */; };
		A9525F0827B764ED0035ED29 /* ContentView.swift in Sources */ = {isa = PBXBuildFile; fileRef = A9525F0727B764ED0035ED29 /* ContentView.swift */; };
		A9525F0A27B764F20035ED29 /* Assets.xcassets in Resources */ = {isa = PBXBuildFile; fileRef = A9525F0927B764F20035ED29 /* Assets.xcassets */; };
		A9525F0D27B764F20035ED29 /* Preview Assets.xcassets in Resources */ = {isa = PBXBuildFile; fileRef = A9525F0C27B764F20035ED29 /* Preview Assets.xcassets */; };
		A9525F1827B765240035ED29 /* QuranMulti_macOSApp.swift in Sources */ = {isa = PBXBuildFile; fileRef = A9525F1727B765240035ED29 /* QuranMulti_macOSApp.swift */; };
		A9525F1A27B765240035ED29 /* ContentView.swift in Sources */ = {isa = PBXBuildFile; fileRef = A9525F1927B765240035ED29 /* ContentView.swift */; };
		A9525F1C27B765280035ED29 /* Assets.xcassets in Resources */ = {isa = PBXBuildFile; fileRef = A9525F1B27B765280035ED29 /* Assets.xcassets */; };
		A9525F1F27B765280035ED29 /* Preview Assets.xcassets in Resources */ = {isa = PBXBuildFile; fileRef = A9525F1E27B765280035ED29 /* Preview Assets.xcassets */; };
		A9525F2A27B7663A0035ED29 /* QuranModel.swift in Sources */ = {isa = PBXBuildFile; fileRef = A9525F2927B7663A0035ED29 /* QuranModel.swift */; };
		A9525F2C27B769BD0035ED29 /* SuratListView.swift in Sources */ = {isa = PBXBuildFile; fileRef = A9525F2B27B769BD0035ED29 /* SuratListView.swift */; };
		A9525F2D27B769CA0035ED29 /* SuratListView.swift in Sources */ = {isa = PBXBuildFile; fileRef = A9525F2B27B769BD0035ED29 /* SuratListView.swift */; };
		A9525F2E27B76C5E0035ED29 /* QuranModel.swift in Sources */ = {isa = PBXBuildFile; fileRef = A9525F2927B7663A0035ED29 /* QuranModel.swift */; };
		A9525F3327B76EB30035ED29 /* SuratDetailView.swift in Sources */ = {isa = PBXBuildFile; fileRef = A9525F3227B76EB30035ED29 /* SuratDetailView.swift */; };
		A9525F3427B76EB30035ED29 /* SuratDetailView.swift in Sources */ = {isa = PBXBuildFile; fileRef = A9525F3227B76EB30035ED29 /* SuratDetailView.swift */; };
		A9611597280A8ED700A7E117 /* API.swift in Sources */ = {isa = PBXBuildFile; fileRef = A9628578280A7EB50027D0E0 /* API.swift */; };
		A9628579280A7EB50027D0E0 /* API.swift in Sources */ = {isa = PBXBuildFile; fileRef = A9628578280A7EB50027D0E0 /* API.swift */; };
		A9D7DBC827C0E94800620B50 /* BookmarkModel.swift in Sources */ = {isa = PBXBuildFile; fileRef = A9D7DBC727C0E94800620B50 /* BookmarkModel.swift */; };
		A9D7DBC927C0E94800620B50 /* BookmarkModel.swift in Sources */ = {isa = PBXBuildFile; fileRef = A9D7DBC727C0E94800620B50 /* BookmarkModel.swift */; };
		A9D7DBCB27C0EA3C00620B50 /* BookmartListView.swift in Sources */ = {isa = PBXBuildFile; fileRef = A9D7DBCA27C0EA3C00620B50 /* BookmartListView.swift */; };
		A9D7DBCC27C0EA3C00620B50 /* BookmartListView.swift in Sources */ = {isa = PBXBuildFile; fileRef = A9D7DBCA27C0EA3C00620B50 /* BookmartListView.swift */; };
		A9D7DBCE27C0EE7C00620B50 /* SuratListViewer.swift in Sources */ = {isa = PBXBuildFile; fileRef = A9D7DBCD27C0EE7C00620B50 /* SuratListViewer.swift */; };
/* End PBXBuildFile section */

/* Begin PBXFileReference section */
		A9525F0227B764ED0035ED29 /* QuranMulti-iOS.app */ = {isa = PBXFileReference; explicitFileType = wrapper.application; includeInIndex = 0; path = "QuranMulti-iOS.app"; sourceTree = BUILT_PRODUCTS_DIR; };
		A9525F0527B764ED0035ED29 /* QuranMulti_iOSApp.swift */ = {isa = PBXFileReference; lastKnownFileType = sourcecode.swift; path = QuranMulti_iOSApp.swift; sourceTree = "<group>"; };
		A9525F0727B764ED0035ED29 /* ContentView.swift */ = {isa = PBXFileReference; lastKnownFileType = sourcecode.swift; path = ContentView.swift; sourceTree = "<group>"; };
		A9525F0927B764F20035ED29 /* Assets.xcassets */ = {isa = PBXFileReference; lastKnownFileType = folder.assetcatalog; path = Assets.xcassets; sourceTree = "<group>"; };
		A9525F0C27B764F20035ED29 /* Preview Assets.xcassets */ = {isa = PBXFileReference; lastKnownFileType = folder.assetcatalog; path = "Preview Assets.xcassets"; sourceTree = "<group>"; };
		A9525F1527B765240035ED29 /* QuranMulti-macOS.app */ = {isa = PBXFileReference; explicitFileType = wrapper.application; includeInIndex = 0; path = "QuranMulti-macOS.app"; sourceTree = BUILT_PRODUCTS_DIR; };
		A9525F1727B765240035ED29 /* QuranMulti_macOSApp.swift */ = {isa = PBXFileReference; lastKnownFileType = sourcecode.swift; path = QuranMulti_macOSApp.swift; sourceTree = "<group>"; };
		A9525F1927B765240035ED29 /* ContentView.swift */ = {isa = PBXFileReference; lastKnownFileType = sourcecode.swift; path = ContentView.swift; sourceTree = "<group>"; };
		A9525F1B27B765280035ED29 /* Assets.xcassets */ = {isa = PBXFileReference; lastKnownFileType = folder.assetcatalog; path = Assets.xcassets; sourceTree = "<group>"; };
		A9525F1E27B765280035ED29 /* Preview Assets.xcassets */ = {isa = PBXFileReference; lastKnownFileType = folder.assetcatalog; path = "Preview Assets.xcassets"; sourceTree = "<group>"; };
		A9525F2027B765280035ED29 /* QuranMulti_macOS.entitlements */ = {isa = PBXFileReference; lastKnownFileType = text.plist.entitlements; path = QuranMulti_macOS.entitlements; sourceTree = "<group>"; };
		A9525F2927B7663A0035ED29 /* QuranModel.swift */ = {isa = PBXFileReference; lastKnownFileType = sourcecode.swift; path = QuranModel.swift; sourceTree = "<group>"; };
		A9525F2B27B769BD0035ED29 /* SuratListView.swift */ = {isa = PBXFileReference; lastKnownFileType = sourcecode.swift; path = SuratListView.swift; sourceTree = "<group>"; };
		A9525F3227B76EB30035ED29 /* SuratDetailView.swift */ = {isa = PBXFileReference; lastKnownFileType = sourcecode.swift; path = SuratDetailView.swift; sourceTree = "<group>"; };
		A9628578280A7EB50027D0E0 /* API.swift */ = {isa = PBXFileReference; lastKnownFileType = sourcecode.swift; path = API.swift; sourceTree = "<group>"; };
		A9D7DBC727C0E94800620B50 /* BookmarkModel.swift */ = {isa = PBXFileReference; lastKnownFileType = sourcecode.swift; path = BookmarkModel.swift; sourceTree = "<group>"; };
		A9D7DBCA27C0EA3C00620B50 /* BookmartListView.swift */ = {isa = PBXFileReference; lastKnownFileType = sourcecode.swift; path = BookmartListView.swift; sourceTree = "<group>"; };
		A9D7DBCD27C0EE7C00620B50 /* SuratListViewer.swift */ = {isa = PBXFileReference; lastKnownFileType = sourcecode.swift; path = SuratListViewer.swift; sourceTree = "<group>"; };
/* End PBXFileReference section */

/* Begin PBXFrameworksBuildPhase section */
		A9525EFF27B764ED0035ED29 /* Frameworks */ = {
			isa = PBXFrameworksBuildPhase;
			buildActionMask = 2147483647;
			files = (
			);
			runOnlyForDeploymentPostprocessing = 0;
		};
		A9525F1227B765240035ED29 /* Frameworks */ = {
			isa = PBXFrameworksBuildPhase;
			buildActionMask = 2147483647;
			files = (
			);
			runOnlyForDeploymentPostprocessing = 0;
		};
/* End PBXFrameworksBuildPhase section */

/* Begin PBXGroup section */
		A9525EF727B764850035ED29 = {
			isa = PBXGroup;
			children = (
				A9525F2427B7653F0035ED29 /* Shared */,
				A9525F0427B764ED0035ED29 /* QuranMulti-iOS */,
				A9525F1627B765240035ED29 /* QuranMulti-macOS */,
				A9525F0327B764ED0035ED29 /* Products */,
			);
			sourceTree = "<group>";
		};
		A9525F0327B764ED0035ED29 /* Products */ = {
			isa = PBXGroup;
			children = (
				A9525F0227B764ED0035ED29 /* QuranMulti-iOS.app */,
				A9525F1527B765240035ED29 /* QuranMulti-macOS.app */,
			);
			name = Products;
			sourceTree = "<group>";
		};
		A9525F0427B764ED0035ED29 /* QuranMulti-iOS */ = {
			isa = PBXGroup;
			children = (
				A9525F2727B7659A0035ED29 /* Screens */,
				A9525F0527B764ED0035ED29 /* QuranMulti_iOSApp.swift */,
				A9525F0927B764F20035ED29 /* Assets.xcassets */,
				A9525F0B27B764F20035ED29 /* Preview Content */,
			);
			path = "QuranMulti-iOS";
			sourceTree = "<group>";
		};
		A9525F0B27B764F20035ED29 /* Preview Content */ = {
			isa = PBXGroup;
			children = (
				A9525F0C27B764F20035ED29 /* Preview Assets.xcassets */,
			);
			path = "Preview Content";
			sourceTree = "<group>";
		};
		A9525F1627B765240035ED29 /* QuranMulti-macOS */ = {
			isa = PBXGroup;
			children = (
				A9525F2827B765B40035ED29 /* Screens */,
				A9525F1727B765240035ED29 /* QuranMulti_macOSApp.swift */,
				A9525F1B27B765280035ED29 /* Assets.xcassets */,
				A9525F2027B765280035ED29 /* QuranMulti_macOS.entitlements */,
				A9525F1D27B765280035ED29 /* Preview Content */,
			);
			path = "QuranMulti-macOS";
			sourceTree = "<group>";
		};
		A9525F1D27B765280035ED29 /* Preview Content */ = {
			isa = PBXGroup;
			children = (
				A9525F1E27B765280035ED29 /* Preview Assets.xcassets */,
			);
			path = "Preview Content";
			sourceTree = "<group>";
		};
		A9525F2427B7653F0035ED29 /* Shared */ = {
			isa = PBXGroup;
			children = (
				A9628577280A7EA60027D0E0 /* Services */,
				A9525F2627B7655D0035ED29 /* Views */,
				A9525F2527B765530035ED29 /* Models */,
			);
			path = Shared;
			sourceTree = "<group>";
		};
		A9525F2527B765530035ED29 /* Models */ = {
			isa = PBXGroup;
			children = (
				A9525F2927B7663A0035ED29 /* QuranModel.swift */,
				A9D7DBC727C0E94800620B50 /* BookmarkModel.swift */,
			);
			path = Models;
			sourceTree = "<group>";
		};
		A9525F2627B7655D0035ED29 /* Views */ = {
			isa = PBXGroup;
			children = (
				A9525F2B27B769BD0035ED29 /* SuratListView.swift */,
				A9525F3227B76EB30035ED29 /* SuratDetailView.swift */,
				A9D7DBCA27C0EA3C00620B50 /* BookmartListView.swift */,
			);
			path = Views;
			sourceTree = "<group>";
		};
		A9525F2727B7659A0035ED29 /* Screens */ = {
			isa = PBXGroup;
			children = (
				A9525F0727B764ED0035ED29 /* ContentView.swift */,
			);
			path = Screens;
			sourceTree = "<group>";
		};
		A9525F2827B765B40035ED29 /* Screens */ = {
			isa = PBXGroup;
			children = (
				A9D7DBCD27C0EE7C00620B50 /* SuratListViewer.swift */,
				A9525F1927B765240035ED29 /* ContentView.swift */,
			);
			path = Screens;
			sourceTree = "<group>";
		};
		A9628577280A7EA60027D0E0 /* Services */ = {
			isa = PBXGroup;
			children = (
				A9628578280A7EB50027D0E0 /* API.swift */,
			);
			path = Services;
			sourceTree = "<group>";
		};
/* End PBXGroup section */

/* Begin PBXNativeTarget section */
		A9525F0127B764ED0035ED29 /* QuranMulti-iOS */ = {
			isa = PBXNativeTarget;
			buildConfigurationList = A9525F0E27B764F20035ED29 /* Build configuration list for PBXNativeTarget "QuranMulti-iOS" */;
			buildPhases = (
				A9525EFE27B764ED0035ED29 /* Sources */,
				A9525EFF27B764ED0035ED29 /* Frameworks */,
				A9525F0027B764ED0035ED29 /* Resources */,
			);
			buildRules = (
			);
			dependencies = (
			);
			name = "QuranMulti-iOS";
			productName = "QuranMulti-iOS";
			productReference = A9525F0227B764ED0035ED29 /* QuranMulti-iOS.app */;
			productType = "com.apple.product-type.application";
		};
		A9525F1427B765240035ED29 /* QuranMulti-macOS */ = {
			isa = PBXNativeTarget;
			buildConfigurationList = A9525F2127B765280035ED29 /* Build configuration list for PBXNativeTarget "QuranMulti-macOS" */;
			buildPhases = (
				A9525F1127B765240035ED29 /* Sources */,
				A9525F1227B765240035ED29 /* Frameworks */,
				A9525F1327B765240035ED29 /* Resources */,
			);
			buildRules = (
			);
			dependencies = (
			);
			name = "QuranMulti-macOS";
			productName = "QuranMulti-macOS";
			productReference = A9525F1527B765240035ED29 /* QuranMulti-macOS.app */;
			productType = "com.apple.product-type.application";
		};
/* End PBXNativeTarget section */

/* Begin PBXProject section */
		A9525EF827B764850035ED29 /* Project object */ = {
			isa = PBXProject;
			attributes = {
				BuildIndependentTargetsInParallel = 1;
				LastSwiftUpdateCheck = 1320;
				LastUpgradeCheck = 1320;
				TargetAttributes = {
					A9525F0127B764ED0035ED29 = {
						CreatedOnToolsVersion = 13.2.1;
					};
					A9525F1427B765240035ED29 = {
						CreatedOnToolsVersion = 13.2.1;
					};
				};
			};
			buildConfigurationList = A9525EFB27B764850035ED29 /* Build configuration list for PBXProject "QuranMulti" */;
			compatibilityVersion = "Xcode 13.0";
			developmentRegion = en;
			hasScannedForEncodings = 0;
			knownRegions = (
				en,
				Base,
			);
			mainGroup = A9525EF727B764850035ED29;
			productRefGroup = A9525F0327B764ED0035ED29 /* Products */;
			projectDirPath = "";
			projectRoot = "";
			targets = (
				A9525F0127B764ED0035ED29 /* QuranMulti-iOS */,
				A9525F1427B765240035ED29 /* QuranMulti-macOS */,
			);
		};
/* End PBXProject section */

/* Begin PBXResourcesBuildPhase section */
		A9525F0027B764ED0035ED29 /* Resources */ = {
			isa = PBXResourcesBuildPhase;
			buildActionMask = 2147483647;
			files = (
				A9525F0D27B764F20035ED29 /* Preview Assets.xcassets in Resources */,
				A9525F0A27B764F20035ED29 /* Assets.xcassets in Resources */,
			);
			runOnlyForDeploymentPostprocessing = 0;
		};
		A9525F1327B765240035ED29 /* Resources */ = {
			isa = PBXResourcesBuildPhase;
			buildActionMask = 2147483647;
			files = (
				A9525F1F27B765280035ED29 /* Preview Assets.xcassets in Resources */,
				A9525F1C27B765280035ED29 /* Assets.xcassets in Resources */,
			);
			runOnlyForDeploymentPostprocessing = 0;
		};
/* End PBXResourcesBuildPhase section */

/* Begin PBXSourcesBuildPhase section */
		A9525EFE27B764ED0035ED29 /* Sources */ = {
			isa = PBXSourcesBuildPhase;
			buildActionMask = 2147483647;
			files = (
				A9525F2C27B769BD0035ED29 /* SuratListView.swift in Sources */,
				A9525F3327B76EB30035ED29 /* SuratDetailView.swift in Sources */,
				A9525F0827B764ED0035ED29 /* ContentView.swift in Sources */,
				A9525F2A27B7663A0035ED29 /* QuranModel.swift in Sources */,
				A9525F0627B764ED0035ED29 /* QuranMulti_iOSApp.swift in Sources */,
				A9D7DBC827C0E94800620B50 /* BookmarkModel.swift in Sources */,
				A9628579280A7EB50027D0E0 /* API.swift in Sources */,
				A9D7DBCB27C0EA3C00620B50 /* BookmartListView.swift in Sources */,
			);
			runOnlyForDeploymentPostprocessing = 0;
		};
		A9525F1127B765240035ED29 /* Sources */ = {
			isa = PBXSourcesBuildPhase;
			buildActionMask = 2147483647;
			files = (
				A9525F1A27B765240035ED29 /* ContentView.swift in Sources */,
				A9525F3427B76EB30035ED29 /* SuratDetailView.swift in Sources */,
				A9525F1827B765240035ED29 /* QuranMulti_macOSApp.swift in Sources */,
				A9525F2D27B769CA0035ED29 /* SuratListView.swift in Sources */,
				A9525F2E27B76C5E0035ED29 /* QuranModel.swift in Sources */,
				A9D7DBCE27C0EE7C00620B50 /* SuratListViewer.swift in Sources */,
				A9D7DBC927C0E94800620B50 /* BookmarkModel.swift in Sources */,
				A9611597280A8ED700A7E117 /* API.swift in Sources */,
				A9D7DBCC27C0EA3C00620B50 /* BookmartListView.swift in Sources */,
			);
			runOnlyForDeploymentPostprocessing = 0;
		};
/* End PBXSourcesBuildPhase section */

/* Begin XCBuildConfiguration section */
		A9525EFC27B764850035ED29 /* Debug */ = {
			isa = XCBuildConfiguration;
			buildSettings = {
			};
			name = Debug;
		};
		A9525EFD27B764850035ED29 /* Release */ = {
			isa = XCBuildConfiguration;
			buildSettings = {
			};
			name = Release;
		};
		A9525F0F27B764F20035ED29 /* Debug */ = {
			isa = XCBuildConfiguration;
			buildSettings = {
				ALWAYS_SEARCH_USER_PATHS = NO;
				ASSETCATALOG_COMPILER_APPICON_NAME = AppIcon;
				ASSETCATALOG_COMPILER_GLOBAL_ACCENT_COLOR_NAME = AccentColor;
				CLANG_ANALYZER_NONNULL = YES;
				CLANG_ANALYZER_NUMBER_OBJECT_CONVERSION = YES_AGGRESSIVE;
				CLANG_CXX_LANGUAGE_STANDARD = "gnu++17";
				CLANG_CXX_LIBRARY = "libc++";
				CLANG_ENABLE_MODULES = YES;
				CLANG_ENABLE_OBJC_ARC = YES;
				CLANG_ENABLE_OBJC_WEAK = YES;
				CLANG_WARN_BLOCK_CAPTURE_AUTORELEASING = YES;
				CLANG_WARN_BOOL_CONVERSION = YES;
				CLANG_WARN_COMMA = YES;
				CLANG_WARN_CONSTANT_CONVERSION = YES;
				CLANG_WARN_DEPRECATED_OBJC_IMPLEMENTATIONS = YES;
				CLANG_WARN_DIRECT_OBJC_ISA_USAGE = YES_ERROR;
				CLANG_WARN_DOCUMENTATION_COMMENTS = YES;
				CLANG_WARN_EMPTY_BODY = YES;
				CLANG_WARN_ENUM_CONVERSION = YES;
				CLANG_WARN_INFINITE_RECURSION = YES;
				CLANG_WARN_INT_CONVERSION = YES;
				CLANG_WARN_NON_LITERAL_NULL_CONVERSION = YES;
				CLANG_WARN_OBJC_IMPLICIT_RETAIN_SELF = YES;
				CLANG_WARN_OBJC_LITERAL_CONVERSION = YES;
				CLANG_WARN_OBJC_ROOT_CLASS = YES_ERROR;
				CLANG_WARN_QUOTED_INCLUDE_IN_FRAMEWORK_HEADER = YES;
				CLANG_WARN_RANGE_LOOP_ANALYSIS = YES;
				CLANG_WARN_STRICT_PROTOTYPES = YES;
				CLANG_WARN_SUSPICIOUS_MOVE = YES;
				CLANG_WARN_UNGUARDED_AVAILABILITY = YES_AGGRESSIVE;
				CLANG_WARN_UNREACHABLE_CODE = YES;
				CLANG_WARN__DUPLICATE_METHOD_MATCH = YES;
				CODE_SIGN_STYLE = Automatic;
				COPY_PHASE_STRIP = NO;
				CURRENT_PROJECT_VERSION = 1;
				DEBUG_INFORMATION_FORMAT = dwarf;
				DEVELOPMENT_ASSET_PATHS = "\"QuranMulti-iOS/Preview Content\"";
				DEVELOPMENT_TEAM = 3J6V3X728E;
				ENABLE_PREVIEWS = YES;
				ENABLE_STRICT_OBJC_MSGSEND = YES;
				ENABLE_TESTABILITY = YES;
				GCC_C_LANGUAGE_STANDARD = gnu11;
				GCC_DYNAMIC_NO_PIC = NO;
				GCC_NO_COMMON_BLOCKS = YES;
				GCC_OPTIMIZATION_LEVEL = 0;
				GCC_PREPROCESSOR_DEFINITIONS = (
					"DEBUG=1",
					"$(inherited)",
				);
				GCC_WARN_64_TO_32_BIT_CONVERSION = YES;
				GCC_WARN_ABOUT_RETURN_TYPE = YES_ERROR;
				GCC_WARN_UNDECLARED_SELECTOR = YES;
				GCC_WARN_UNINITIALIZED_AUTOS = YES_AGGRESSIVE;
				GCC_WARN_UNUSED_FUNCTION = YES;
				GCC_WARN_UNUSED_VARIABLE = YES;
				GENERATE_INFOPLIST_FILE = YES;
				INFOPLIST_KEY_UIApplicationSceneManifest_Generation = YES;
				INFOPLIST_KEY_UIApplicationSupportsIndirectInputEvents = YES;
				INFOPLIST_KEY_UILaunchScreen_Generation = YES;
				INFOPLIST_KEY_UISupportedInterfaceOrientations_iPad = "UIInterfaceOrientationPortrait UIInterfaceOrientationPortraitUpsideDown UIInterfaceOrientationLandscapeLeft UIInterfaceOrientationLandscapeRight";
				INFOPLIST_KEY_UISupportedInterfaceOrientations_iPhone = "UIInterfaceOrientationPortrait UIInterfaceOrientationLandscapeLeft UIInterfaceOrientationLandscapeRight";
				IPHONEOS_DEPLOYMENT_TARGET = 15.2;
				LD_RUNPATH_SEARCH_PATHS = (
					"$(inherited)",
					"@executable_path/Frameworks",
				);
				MARKETING_VERSION = 1.0;
				MTL_ENABLE_DEBUG_INFO = INCLUDE_SOURCE;
				MTL_FAST_MATH = YES;
				ONLY_ACTIVE_ARCH = YES;
				PRODUCT_BUNDLE_IDENTIFIER = "buatin.com.QuranMulti-iOS";
				PRODUCT_NAME = "$(TARGET_NAME)";
				SDKROOT = iphoneos;
				SWIFT_ACTIVE_COMPILATION_CONDITIONS = DEBUG;
				SWIFT_EMIT_LOC_STRINGS = YES;
				SWIFT_OPTIMIZATION_LEVEL = "-Onone";
				SWIFT_VERSION = 5.0;
				TARGETED_DEVICE_FAMILY = "1,2";
			};
			name = Debug;
		};
		A9525F1027B764F20035ED29 /* Release */ = {
			isa = XCBuildConfiguration;
			buildSettings = {
				ALWAYS_SEARCH_USER_PATHS = NO;
				ASSETCATALOG_COMPILER_APPICON_NAME = AppIcon;
				ASSETCATALOG_COMPILER_GLOBAL_ACCENT_COLOR_NAME = AccentColor;
				CLANG_ANALYZER_NONNULL = YES;
				CLANG_ANALYZER_NUMBER_OBJECT_CONVERSION = YES_AGGRESSIVE;
				CLANG_CXX_LANGUAGE_STANDARD = "gnu++17";
				CLANG_CXX_LIBRARY = "libc++";
				CLANG_ENABLE_MODULES = YES;
				CLANG_ENABLE_OBJC_ARC = YES;
				CLANG_ENABLE_OBJC_WEAK = YES;
				CLANG_WARN_BLOCK_CAPTURE_AUTORELEASING = YES;
				CLANG_WARN_BOOL_CONVERSION = YES;
				CLANG_WARN_COMMA = YES;
				CLANG_WARN_CONSTANT_CONVERSION = YES;
				CLANG_WARN_DEPRECATED_OBJC_IMPLEMENTATIONS = YES;
				CLANG_WARN_DIRECT_OBJC_ISA_USAGE = YES_ERROR;
				CLANG_WARN_DOCUMENTATION_COMMENTS = YES;
				CLANG_WARN_EMPTY_BODY = YES;
				CLANG_WARN_ENUM_CONVERSION = YES;
				CLANG_WARN_INFINITE_RECURSION = YES;
				CLANG_WARN_INT_CONVERSION = YES;
				CLANG_WARN_NON_LITERAL_NULL_CONVERSION = YES;
				CLANG_WARN_OBJC_IMPLICIT_RETAIN_SELF = YES;
				CLANG_WARN_OBJC_LITERAL_CONVERSION = YES;
				CLANG_WARN_OBJC_ROOT_CLASS = YES_ERROR;
				CLANG_WARN_QUOTED_INCLUDE_IN_FRAMEWORK_HEADER = YES;
				CLANG_WARN_RANGE_LOOP_ANALYSIS = YES;
				CLANG_WARN_STRICT_PROTOTYPES = YES;
				CLANG_WARN_SUSPICIOUS_MOVE = YES;
				CLANG_WARN_UNGUARDED_AVAILABILITY = YES_AGGRESSIVE;
				CLANG_WARN_UNREACHABLE_CODE = YES;
				CLANG_WARN__DUPLICATE_METHOD_MATCH = YES;
				CODE_SIGN_STYLE = Automatic;
				COPY_PHASE_STRIP = NO;
				CURRENT_PROJECT_VERSION = 1;
				DEBUG_INFORMATION_FORMAT = "dwarf-with-dsym";
				DEVELOPMENT_ASSET_PATHS = "\"QuranMulti-iOS/Preview Content\"";
				DEVELOPMENT_TEAM = 3J6V3X728E;
				ENABLE_NS_ASSERTIONS = NO;
				ENABLE_PREVIEWS = YES;
				ENABLE_STRICT_OBJC_MSGSEND = YES;
				GCC_C_LANGUAGE_STANDARD = gnu11;
				GCC_NO_COMMON_BLOCKS = YES;
				GCC_WARN_64_TO_32_BIT_CONVERSION = YES;
				GCC_WARN_ABOUT_RETURN_TYPE = YES_ERROR;
				GCC_WARN_UNDECLARED_SELECTOR = YES;
				GCC_WARN_UNINITIALIZED_AUTOS = YES_AGGRESSIVE;
				GCC_WARN_UNUSED_FUNCTION = YES;
				GCC_WARN_UNUSED_VARIABLE = YES;
				GENERATE_INFOPLIST_FILE = YES;
				INFOPLIST_KEY_UIApplicationSceneManifest_Generation = YES;
				INFOPLIST_KEY_UIApplicationSupportsIndirectInputEvents = YES;
				INFOPLIST_KEY_UILaunchScreen_Generation = YES;
				INFOPLIST_KEY_UISupportedInterfaceOrientations_iPad = "UIInterfaceOrientationPortrait UIInterfaceOrientationPortraitUpsideDown UIInterfaceOrientationLandscapeLeft UIInterfaceOrientationLandscapeRight";
				INFOPLIST_KEY_UISupportedInterfaceOrientations_iPhone = "UIInterfaceOrientationPortrait UIInterfaceOrientationLandscapeLeft UIInterfaceOrientationLandscapeRight";
				IPHONEOS_DEPLOYMENT_TARGET = 15.2;
				LD_RUNPATH_SEARCH_PATHS = (
					"$(inherited)",
					"@executable_path/Frameworks",
				);
				MARKETING_VERSION = 1.0;
				MTL_ENABLE_DEBUG_INFO = NO;
				MTL_FAST_MATH = YES;
				PRODUCT_BUNDLE_IDENTIFIER = "buatin.com.QuranMulti-iOS";
				PRODUCT_NAME = "$(TARGET_NAME)";
				SDKROOT = iphoneos;
				SWIFT_COMPILATION_MODE = wholemodule;
				SWIFT_EMIT_LOC_STRINGS = YES;
				SWIFT_OPTIMIZATION_LEVEL = "-O";
				SWIFT_VERSION = 5.0;
				TARGETED_DEVICE_FAMILY = "1,2";
				VALIDATE_PRODUCT = YES;
			};
			name = Release;
		};
		A9525F2227B765280035ED29 /* Debug */ = {
			isa = XCBuildConfiguration;
			buildSettings = {
				ALWAYS_SEARCH_USER_PATHS = NO;
				ASSETCATALOG_COMPILER_APPICON_NAME = AppIcon;
				ASSETCATALOG_COMPILER_GLOBAL_ACCENT_COLOR_NAME = AccentColor;
				CLANG_ANALYZER_NONNULL = YES;
				CLANG_ANALYZER_NUMBER_OBJECT_CONVERSION = YES_AGGRESSIVE;
				CLANG_CXX_LANGUAGE_STANDARD = "gnu++17";
				CLANG_CXX_LIBRARY = "libc++";
				CLANG_ENABLE_MODULES = YES;
				CLANG_ENABLE_OBJC_ARC = YES;
				CLANG_ENABLE_OBJC_WEAK = YES;
				CLANG_WARN_BLOCK_CAPTURE_AUTORELEASING = YES;
				CLANG_WARN_BOOL_CONVERSION = YES;
				CLANG_WARN_COMMA = YES;
				CLANG_WARN_CONSTANT_CONVERSION = YES;
				CLANG_WARN_DEPRECATED_OBJC_IMPLEMENTATIONS = YES;
				CLANG_WARN_DIRECT_OBJC_ISA_USAGE = YES_ERROR;
				CLANG_WARN_DOCUMENTATION_COMMENTS = YES;
				CLANG_WARN_EMPTY_BODY = YES;
				CLANG_WARN_ENUM_CONVERSION = YES;
				CLANG_WARN_INFINITE_RECURSION = YES;
				CLANG_WARN_INT_CONVERSION = YES;
				CLANG_WARN_NON_LITERAL_NULL_CONVERSION = YES;
				CLANG_WARN_OBJC_IMPLICIT_RETAIN_SELF = YES;
				CLANG_WARN_OBJC_LITERAL_CONVERSION = YES;
				CLANG_WARN_OBJC_ROOT_CLASS = YES_ERROR;
				CLANG_WARN_QUOTED_INCLUDE_IN_FRAMEWORK_HEADER = YES;
				CLANG_WARN_RANGE_LOOP_ANALYSIS = YES;
				CLANG_WARN_STRICT_PROTOTYPES = YES;
				CLANG_WARN_SUSPICIOUS_MOVE = YES;
				CLANG_WARN_UNGUARDED_AVAILABILITY = YES_AGGRESSIVE;
				CLANG_WARN_UNREACHABLE_CODE = YES;
				CLANG_WARN__DUPLICATE_METHOD_MATCH = YES;
				CODE_SIGN_ENTITLEMENTS = "QuranMulti-macOS/QuranMulti_macOS.entitlements";
				CODE_SIGN_STYLE = Automatic;
				COMBINE_HIDPI_IMAGES = YES;
				COPY_PHASE_STRIP = NO;
				CURRENT_PROJECT_VERSION = 1;
				DEBUG_INFORMATION_FORMAT = dwarf;
				DEVELOPMENT_ASSET_PATHS = "\"QuranMulti-macOS/Preview Content\"";
				DEVELOPMENT_TEAM = 3J6V3X728E;
				ENABLE_HARDENED_RUNTIME = YES;
				ENABLE_PREVIEWS = YES;
				ENABLE_STRICT_OBJC_MSGSEND = YES;
				ENABLE_TESTABILITY = YES;
				GCC_C_LANGUAGE_STANDARD = gnu11;
				GCC_DYNAMIC_NO_PIC = NO;
				GCC_NO_COMMON_BLOCKS = YES;
				GCC_OPTIMIZATION_LEVEL = 0;
				GCC_PREPROCESSOR_DEFINITIONS = (
					"DEBUG=1",
					"$(inherited)",
				);
				GCC_WARN_64_TO_32_BIT_CONVERSION = YES;
				GCC_WARN_ABOUT_RETURN_TYPE = YES_ERROR;
				GCC_WARN_UNDECLARED_SELECTOR = YES;
				GCC_WARN_UNINITIALIZED_AUTOS = YES_AGGRESSIVE;
				GCC_WARN_UNUSED_FUNCTION = YES;
				GCC_WARN_UNUSED_VARIABLE = YES;
				GENERATE_INFOPLIST_FILE = YES;
				INFOPLIST_KEY_NSHumanReadableCopyright = "";
				LD_RUNPATH_SEARCH_PATHS = (
					"$(inherited)",
					"@executable_path/../Frameworks",
				);
				MACOSX_DEPLOYMENT_TARGET = 12.1;
				MARKETING_VERSION = 1.0;
				MTL_ENABLE_DEBUG_INFO = INCLUDE_SOURCE;
				MTL_FAST_MATH = YES;
				ONLY_ACTIVE_ARCH = YES;
				PRODUCT_BUNDLE_IDENTIFIER = "buatin.com.QuranMulti-macOS";
				PRODUCT_NAME = "$(TARGET_NAME)";
				SDKROOT = macosx;
				SWIFT_ACTIVE_COMPILATION_CONDITIONS = DEBUG;
				SWIFT_EMIT_LOC_STRINGS = YES;
				SWIFT_OPTIMIZATION_LEVEL = "-Onone";
				SWIFT_VERSION = 5.0;
			};
			name = Debug;
		};
		A9525F2327B765280035ED29 /* Release */ = {
			isa = XCBuildConfiguration;
			buildSettings = {
				ALWAYS_SEARCH_USER_PATHS = NO;
				ASSETCATALOG_COMPILER_APPICON_NAME = AppIcon;
				ASSETCATALOG_COMPILER_GLOBAL_ACCENT_COLOR_NAME = AccentColor;
				CLANG_ANALYZER_NONNULL = YES;
				CLANG_ANALYZER_NUMBER_OBJECT_CONVERSION = YES_AGGRESSIVE;
				CLANG_CXX_LANGUAGE_STANDARD = "gnu++17";
				CLANG_CXX_LIBRARY = "libc++";
				CLANG_ENABLE_MODULES = YES;
				CLANG_ENABLE_OBJC_ARC = YES;
				CLANG_ENABLE_OBJC_WEAK = YES;
				CLANG_WARN_BLOCK_CAPTURE_AUTORELEASING = YES;
				CLANG_WARN_BOOL_CONVERSION = YES;
				CLANG_WARN_COMMA = YES;
				CLANG_WARN_CONSTANT_CONVERSION = YES;
				CLANG_WARN_DEPRECATED_OBJC_IMPLEMENTATIONS = YES;
				CLANG_WARN_DIRECT_OBJC_ISA_USAGE = YES_ERROR;
				CLANG_WARN_DOCUMENTATION_COMMENTS = YES;
				CLANG_WARN_EMPTY_BODY = YES;
				CLANG_WARN_ENUM_CONVERSION = YES;
				CLANG_WARN_INFINITE_RECURSION = YES;
				CLANG_WARN_INT_CONVERSION = YES;
				CLANG_WARN_NON_LITERAL_NULL_CONVERSION = YES;
				CLANG_WARN_OBJC_IMPLICIT_RETAIN_SELF = YES;
				CLANG_WARN_OBJC_LITERAL_CONVERSION = YES;
				CLANG_WARN_OBJC_ROOT_CLASS = YES_ERROR;
				CLANG_WARN_QUOTED_INCLUDE_IN_FRAMEWORK_HEADER = YES;
				CLANG_WARN_RANGE_LOOP_ANALYSIS = YES;
				CLANG_WARN_STRICT_PROTOTYPES = YES;
				CLANG_WARN_SUSPICIOUS_MOVE = YES;
				CLANG_WARN_UNGUARDED_AVAILABILITY = YES_AGGRESSIVE;
				CLANG_WARN_UNREACHABLE_CODE = YES;
				CLANG_WARN__DUPLICATE_METHOD_MATCH = YES;
				CODE_SIGN_ENTITLEMENTS = "QuranMulti-macOS/QuranMulti_macOS.entitlements";
				CODE_SIGN_STYLE = Automatic;
				COMBINE_HIDPI_IMAGES = YES;
				COPY_PHASE_STRIP = NO;
				CURRENT_PROJECT_VERSION = 1;
				DEBUG_INFORMATION_FORMAT = "dwarf-with-dsym";
				DEVELOPMENT_ASSET_PATHS = "\"QuranMulti-macOS/Preview Content\"";
				DEVELOPMENT_TEAM = 3J6V3X728E;
				ENABLE_HARDENED_RUNTIME = YES;
				ENABLE_NS_ASSERTIONS = NO;
				ENABLE_PREVIEWS = YES;
				ENABLE_STRICT_OBJC_MSGSEND = YES;
				GCC_C_LANGUAGE_STANDARD = gnu11;
				GCC_NO_COMMON_BLOCKS = YES;
				GCC_WARN_64_TO_32_BIT_CONVERSION = YES;
				GCC_WARN_ABOUT_RETURN_TYPE = YES_ERROR;
				GCC_WARN_UNDECLARED_SELECTOR = YES;
				GCC_WARN_UNINITIALIZED_AUTOS = YES_AGGRESSIVE;
				GCC_WARN_UNUSED_FUNCTION = YES;
				GCC_WARN_UNUSED_VARIABLE = YES;
				GENERATE_INFOPLIST_FILE = YES;
				INFOPLIST_KEY_NSHumanReadableCopyright = "";
				LD_RUNPATH_SEARCH_PATHS = (
					"$(inherited)",
					"@executable_path/../Frameworks",
				);
				MACOSX_DEPLOYMENT_TARGET = 12.1;
				MARKETING_VERSION = 1.0;
				MTL_ENABLE_DEBUG_INFO = NO;
				MTL_FAST_MATH = YES;
				PRODUCT_BUNDLE_IDENTIFIER = "buatin.com.QuranMulti-macOS";
				PRODUCT_NAME = "$(TARGET_NAME)";
				SDKROOT = macosx;
				SWIFT_COMPILATION_MODE = wholemodule;
				SWIFT_EMIT_LOC_STRINGS = YES;
				SWIFT_OPTIMIZATION_LEVEL = "-O";
				SWIFT_VERSION = 5.0;
			};
			name = Release;
		};
/* End XCBuildConfiguration section */

/* Begin XCConfigurationList section */
		A9525EFB27B764850035ED29 /* Build configuration list for PBXProject "QuranMulti" */ = {
			isa = XCConfigurationList;
			buildConfigurations = (
				A9525EFC27B764850035ED29 /* Debug */,
				A9525EFD27B764850035ED29 /* Release */,
			);
			defaultConfigurationIsVisible = 0;
			defaultConfigurationName = Release;
		};
		A9525F0E27B764F20035ED29 /* Build configuration list for PBXNativeTarget "QuranMulti-iOS" */ = {
			isa = XCConfigurationList;
			buildConfigurations = (
				A9525F0F27B764F20035ED29 /* Debug */,
				A9525F1027B764F20035ED29 /* Release */,
			);
			defaultConfigurationIsVisible = 0;
			defaultConfigurationName = Release;
		};
		A9525F2127B765280035ED29 /* Build configuration list for PBXNativeTarget "QuranMulti-macOS" */ = {
			isa = XCConfigurationList;
			buildConfigurations = (
				A9525F2227B765280035ED29 /* Debug */,
				A9525F2327B765280035ED29 /* Release */,
			);
			defaultConfigurationIsVisible = 0;
			defaultConfigurationName = Release;
		};
/* End XCConfigurationList section */
	};
	rootObject = A9525EF827B764850035ED29 /* Project object */;
}
